// !$*UTF8*$!
{
	archiveVersion = 1;
	classes = {
	};
	objectVersion = 50;
	objects = {

/* Begin PBXBuildFile section */
		0D7C6B9511BC5C6616F610A1 /* Pods_Wreath.framework in Frameworks */ = {isa = PBXBuildFile; fileRef = 569DE28EC5AED38551974ED5 /* Pods_Wreath.framework */; };
		FD02A1C8216C75BF008AD683 /* AppDelegate.swift in Sources */ = {isa = PBXBuildFile; fileRef = FD02A1C7216C75BF008AD683 /* AppDelegate.swift */; };
		FD02A1CA216C75BF008AD683 /* ViewController.swift in Sources */ = {isa = PBXBuildFile; fileRef = FD02A1C9216C75BF008AD683 /* ViewController.swift */; };
		FD02A1CD216C75BF008AD683 /* Main.storyboard in Resources */ = {isa = PBXBuildFile; fileRef = FD02A1CB216C75BF008AD683 /* Main.storyboard */; };
		FD02A1CF216C75C0008AD683 /* Assets.xcassets in Resources */ = {isa = PBXBuildFile; fileRef = FD02A1CE216C75C0008AD683 /* Assets.xcassets */; };
		FD02A1D2216C75C0008AD683 /* LaunchScreen.storyboard in Resources */ = {isa = PBXBuildFile; fileRef = FD02A1D0216C75C0008AD683 /* LaunchScreen.storyboard */; };
		FD02A1E1216C82A3008AD683 /* HomeVC.swift in Sources */ = {isa = PBXBuildFile; fileRef = FD02A1E0216C82A3008AD683 /* HomeVC.swift */; };
		FD02A1E3216C82B7008AD683 /* OrderVC.swift in Sources */ = {isa = PBXBuildFile; fileRef = FD02A1E2216C82B7008AD683 /* OrderVC.swift */; };
		FD02A1E5216C82C8008AD683 /* MineVC.swift in Sources */ = {isa = PBXBuildFile; fileRef = FD02A1E4216C82C8008AD683 /* MineVC.swift */; };
		FD02A1E9216C8552008AD683 /* LoginVC.swift in Sources */ = {isa = PBXBuildFile; fileRef = FD02A1E8216C8552008AD683 /* LoginVC.swift */; };
		FD02A1EB216C8767008AD683 /* AppTabBarController.swift in Sources */ = {isa = PBXBuildFile; fileRef = FD02A1EA216C8767008AD683 /* AppTabBarController.swift */; };
		FD02A1ED216C882C008AD683 /* APPNavController.swift in Sources */ = {isa = PBXBuildFile; fileRef = FD02A1EC216C882C008AD683 /* APPNavController.swift */; };
		FD02A1F3216C8AC1008AD683 /* BaseVC.swift in Sources */ = {isa = PBXBuildFile; fileRef = FD02A1F2216C8AC1008AD683 /* BaseVC.swift */; };
		FD02A1F8216C9AA1008AD683 /* SwiftFile.swift in Sources */ = {isa = PBXBuildFile; fileRef = FD02A1F7216C9AA1008AD683 /* SwiftFile.swift */; };
		FD02A1FD216CA4F5008AD683 /* BaseRequest.swift in Sources */ = {isa = PBXBuildFile; fileRef = FD02A1FC216CA4F5008AD683 /* BaseRequest.swift */; };
		FD02A201216CAB02008AD683 /* MineRequest.swift in Sources */ = {isa = PBXBuildFile; fileRef = FD02A200216CAB02008AD683 /* MineRequest.swift */; };
/* End PBXBuildFile section */

/* Begin PBXFileReference section */
		0063DAFE38276EE0459BFC93 /* Pods-Wreath.release.xcconfig */ = {isa = PBXFileReference; includeInIndex = 1; lastKnownFileType = text.xcconfig; name = "Pods-Wreath.release.xcconfig"; path = "Pods/Target Support Files/Pods-Wreath/Pods-Wreath.release.xcconfig"; sourceTree = "<group>"; };
		569DE28EC5AED38551974ED5 /* Pods_Wreath.framework */ = {isa = PBXFileReference; explicitFileType = wrapper.framework; includeInIndex = 0; path = Pods_Wreath.framework; sourceTree = BUILT_PRODUCTS_DIR; };
		ACC360DD318F4F9C0D98E353 /* Pods-Wreath.debug.xcconfig */ = {isa = PBXFileReference; includeInIndex = 1; lastKnownFileType = text.xcconfig; name = "Pods-Wreath.debug.xcconfig"; path = "Pods/Target Support Files/Pods-Wreath/Pods-Wreath.debug.xcconfig"; sourceTree = "<group>"; };
		FD02A1C4216C75BF008AD683 /* Wreath.app */ = {isa = PBXFileReference; explicitFileType = wrapper.application; includeInIndex = 0; path = Wreath.app; sourceTree = BUILT_PRODUCTS_DIR; };
		FD02A1C7216C75BF008AD683 /* AppDelegate.swift */ = {isa = PBXFileReference; lastKnownFileType = sourcecode.swift; path = AppDelegate.swift; sourceTree = "<group>"; };
		FD02A1C9216C75BF008AD683 /* ViewController.swift */ = {isa = PBXFileReference; lastKnownFileType = sourcecode.swift; path = ViewController.swift; sourceTree = "<group>"; };
		FD02A1CC216C75BF008AD683 /* Base */ = {isa = PBXFileReference; lastKnownFileType = file.storyboard; name = Base; path = Base.lproj/Main.storyboard; sourceTree = "<group>"; };
		FD02A1CE216C75C0008AD683 /* Assets.xcassets */ = {isa = PBXFileReference; lastKnownFileType = folder.assetcatalog; path = Assets.xcassets; sourceTree = "<group>"; };
		FD02A1D1216C75C0008AD683 /* Base */ = {isa = PBXFileReference; lastKnownFileType = file.storyboard; name = Base; path = Base.lproj/LaunchScreen.storyboard; sourceTree = "<group>"; };
		FD02A1D3216C75C0008AD683 /* Info.plist */ = {isa = PBXFileReference; lastKnownFileType = text.plist.xml; path = Info.plist; sourceTree = "<group>"; };
		FD02A1E0216C82A3008AD683 /* HomeVC.swift */ = {isa = PBXFileReference; lastKnownFileType = sourcecode.swift; path = HomeVC.swift; sourceTree = "<group>"; };
		FD02A1E2216C82B7008AD683 /* OrderVC.swift */ = {isa = PBXFileReference; lastKnownFileType = sourcecode.swift; path = OrderVC.swift; sourceTree = "<group>"; };
		FD02A1E4216C82C8008AD683 /* MineVC.swift */ = {isa = PBXFileReference; lastKnownFileType = sourcecode.swift; path = MineVC.swift; sourceTree = "<group>"; };
		FD02A1E8216C8552008AD683 /* LoginVC.swift */ = {isa = PBXFileReference; lastKnownFileType = sourcecode.swift; path = LoginVC.swift; sourceTree = "<group>"; };
		FD02A1EA216C8767008AD683 /* AppTabBarController.swift */ = {isa = PBXFileReference; lastKnownFileType = sourcecode.swift; path = AppTabBarController.swift; sourceTree = "<group>"; };
		FD02A1EC216C882C008AD683 /* APPNavController.swift */ = {isa = PBXFileReference; lastKnownFileType = sourcecode.swift; path = APPNavController.swift; sourceTree = "<group>"; };
		FD02A1F2216C8AC1008AD683 /* BaseVC.swift */ = {isa = PBXFileReference; lastKnownFileType = sourcecode.swift; path = BaseVC.swift; sourceTree = "<group>"; };
		FD02A1F7216C9AA1008AD683 /* SwiftFile.swift */ = {isa = PBXFileReference; lastKnownFileType = sourcecode.swift; path = SwiftFile.swift; sourceTree = "<group>"; };
		FD02A1FC216CA4F5008AD683 /* BaseRequest.swift */ = {isa = PBXFileReference; lastKnownFileType = sourcecode.swift; path = BaseRequest.swift; sourceTree = "<group>"; };
		FD02A200216CAB02008AD683 /* MineRequest.swift */ = {isa = PBXFileReference; lastKnownFileType = sourcecode.swift; path = MineRequest.swift; sourceTree = "<group>"; };
/* End PBXFileReference section */

/* Begin PBXFrameworksBuildPhase section */
		FD02A1C1216C75BF008AD683 /* Frameworks */ = {
			isa = PBXFrameworksBuildPhase;
			buildActionMask = 2147483647;
			files = (
				0D7C6B9511BC5C6616F610A1 /* Pods_Wreath.framework in Frameworks */,
			);
			runOnlyForDeploymentPostprocessing = 0;
		};
/* End PBXFrameworksBuildPhase section */

/* Begin PBXGroup section */
		0B481A6B76342D551D7AF9B1 /* Frameworks */ = {
			isa = PBXGroup;
			children = (
				569DE28EC5AED38551974ED5 /* Pods_Wreath.framework */,
			);
			name = Frameworks;
			sourceTree = "<group>";
		};
		B9B1CD446948FC60983EAA22 /* Pods */ = {
			isa = PBXGroup;
			children = (
				ACC360DD318F4F9C0D98E353 /* Pods-Wreath.debug.xcconfig */,
				0063DAFE38276EE0459BFC93 /* Pods-Wreath.release.xcconfig */,
			);
			name = Pods;
			sourceTree = "<group>";
		};
		FD02A1BB216C75BF008AD683 = {
			isa = PBXGroup;
			children = (
				FD02A1C6216C75BF008AD683 /* Wreath */,
				FD02A1C5216C75BF008AD683 /* Products */,
				B9B1CD446948FC60983EAA22 /* Pods */,
				0B481A6B76342D551D7AF9B1 /* Frameworks */,
			);
			sourceTree = "<group>";
		};
		FD02A1C5216C75BF008AD683 /* Products */ = {
			isa = PBXGroup;
			children = (
				FD02A1C4216C75BF008AD683 /* Wreath.app */,
			);
			name = Products;
			sourceTree = "<group>";
		};
		FD02A1C6216C75BF008AD683 /* Wreath */ = {
			isa = PBXGroup;
			children = (
				FD02A1F5216C9A56008AD683 /* Helpers */,
				FD02A1F6216C9A56008AD683 /* Macro */,
				FD02A1D9216C8279008AD683 /* Class */,
				FD02A1C7216C75BF008AD683 /* AppDelegate.swift */,
				FD02A1C9216C75BF008AD683 /* ViewController.swift */,
				FD02A1EA216C8767008AD683 /* AppTabBarController.swift */,
				FD02A1EC216C882C008AD683 /* APPNavController.swift */,
				FD02A1CB216C75BF008AD683 /* Main.storyboard */,
				FD02A1CE216C75C0008AD683 /* Assets.xcassets */,
				FD02A1D0216C75C0008AD683 /* LaunchScreen.storyboard */,
				FD02A1D3216C75C0008AD683 /* Info.plist */,
			);
			path = Wreath;
			sourceTree = "<group>";
		};
		FD02A1D9216C8279008AD683 /* Class */ = {
			isa = PBXGroup;
			children = (
				FD02A1EE216C8A8A008AD683 /* Common */,
				FD02A1E6216C8540008AD683 /* Login */,
				FD02A1DC216C8279008AD683 /* Home */,
				FD02A1DA216C8279008AD683 /* Order */,
				FD02A1DE216C8279008AD683 /* Mine */,
			);
			path = Class;
			sourceTree = "<group>";
		};
		FD02A1DA216C8279008AD683 /* Order */ = {
			isa = PBXGroup;
			children = (
				FD02A1DB216C8279008AD683 /* VC */,
			);
			path = Order;
			sourceTree = "<group>";
		};
		FD02A1DB216C8279008AD683 /* VC */ = {
			isa = PBXGroup;
			children = (
				FD02A1E2216C82B7008AD683 /* OrderVC.swift */,
			);
			path = VC;
			sourceTree = "<group>";
		};
		FD02A1DC216C8279008AD683 /* Home */ = {
			isa = PBXGroup;
			children = (
				FD02A1DD216C8279008AD683 /* VC */,
			);
			path = Home;
			sourceTree = "<group>";
		};
		FD02A1DD216C8279008AD683 /* VC */ = {
			isa = PBXGroup;
			children = (
				FD02A1E0216C82A3008AD683 /* HomeVC.swift */,
			);
			path = VC;
			sourceTree = "<group>";
		};
		FD02A1DE216C8279008AD683 /* Mine */ = {
			isa = PBXGroup;
			children = (
				FD02A1FB216C9F89008AD683 /* Model */,
				FD02A1F9216C9F89008AD683 /* Request */,
				FD02A1FA216C9F89008AD683 /* View */,
				FD02A1DF216C8279008AD683 /* VC */,
			);
			path = Mine;
			sourceTree = "<group>";
		};
		FD02A1DF216C8279008AD683 /* VC */ = {
			isa = PBXGroup;
			children = (
				FD02A1E4216C82C8008AD683 /* MineVC.swift */,
			);
			path = VC;
			sourceTree = "<group>";
		};
		FD02A1E6216C8540008AD683 /* Login */ = {
			isa = PBXGroup;
			children = (
				FD02A1E7216C8540008AD683 /* VC */,
			);
			path = Login;
			sourceTree = "<group>";
		};
		FD02A1E7216C8540008AD683 /* VC */ = {
			isa = PBXGroup;
			children = (
				FD02A1E8216C8552008AD683 /* LoginVC.swift */,
			);
			path = VC;
			sourceTree = "<group>";
		};
		FD02A1EE216C8A8A008AD683 /* Common */ = {
			isa = PBXGroup;
			children = (
				FD02A1EF216C8A8A008AD683 /* Base */,
			);
			path = Common;
			sourceTree = "<group>";
		};
		FD02A1EF216C8A8A008AD683 /* Base */ = {
			isa = PBXGroup;
			children = (
				FD02A1F2216C8AC1008AD683 /* BaseVC.swift */,
			);
			path = Base;
			sourceTree = "<group>";
		};
		FD02A1F5216C9A56008AD683 /* Helpers */ = {
			isa = PBXGroup;
			children = (
				FD02A1F7216C9AA1008AD683 /* SwiftFile.swift */,
			);
			path = Helpers;
			sourceTree = "<group>";
		};
		FD02A1F6216C9A56008AD683 /* Macro */ = {
			isa = PBXGroup;
			children = (
				FD02A1FC216CA4F5008AD683 /* BaseRequest.swift */,
			);
			path = Macro;
			sourceTree = "<group>";
		};
		FD02A1F9216C9F89008AD683 /* Request */ = {
			isa = PBXGroup;
			children = (
				FD02A200216CAB02008AD683 /* MineRequest.swift */,
			);
			path = Request;
			sourceTree = "<group>";
		};
		FD02A1FA216C9F89008AD683 /* View */ = {
			isa = PBXGroup;
			children = (
			);
			path = View;
			sourceTree = "<group>";
		};
		FD02A1FB216C9F89008AD683 /* Model */ = {
			isa = PBXGroup;
			children = (
			);
			path = Model;
			sourceTree = "<group>";
		};
/* End PBXGroup section */

/* Begin PBXNativeTarget section */
		FD02A1C3216C75BF008AD683 /* Wreath */ = {
			isa = PBXNativeTarget;
			buildConfigurationList = FD02A1D6216C75C0008AD683 /* Build configuration list for PBXNativeTarget "Wreath" */;
			buildPhases = (
				A61C381E0DA0E09E4E9C7F21 /* [CP] Check Pods Manifest.lock */,
				FD02A1C0216C75BF008AD683 /* Sources */,
				FD02A1C1216C75BF008AD683 /* Frameworks */,
				FD02A1C2216C75BF008AD683 /* Resources */,
				67931ACB7164C5390B595370 /* [CP] Embed Pods Frameworks */,
			);
			buildRules = (
			);
			dependencies = (
			);
			name = Wreath;
			productName = Wreath;
			productReference = FD02A1C4216C75BF008AD683 /* Wreath.app */;
			productType = "com.apple.product-type.application";
		};
/* End PBXNativeTarget section */

/* Begin PBXProject section */
		FD02A1BC216C75BF008AD683 /* Project object */ = {
			isa = PBXProject;
			attributes = {
				LastSwiftUpdateCheck = 1000;
				LastUpgradeCheck = 1000;
				ORGANIZATIONNAME = Y;
				TargetAttributes = {
					FD02A1C3216C75BF008AD683 = {
						CreatedOnToolsVersion = 10.0;
					};
				};
			};
			buildConfigurationList = FD02A1BF216C75BF008AD683 /* Build configuration list for PBXProject "Wreath" */;
			compatibilityVersion = "Xcode 9.3";
			developmentRegion = en;
			hasScannedForEncodings = 0;
			knownRegions = (
				en,
				Base,
			);
			mainGroup = FD02A1BB216C75BF008AD683;
			productRefGroup = FD02A1C5216C75BF008AD683 /* Products */;
			projectDirPath = "";
			projectRoot = "";
			targets = (
				FD02A1C3216C75BF008AD683 /* Wreath */,
			);
		};
/* End PBXProject section */

/* Begin PBXResourcesBuildPhase section */
		FD02A1C2216C75BF008AD683 /* Resources */ = {
			isa = PBXResourcesBuildPhase;
			buildActionMask = 2147483647;
			files = (
				FD02A1D2216C75C0008AD683 /* LaunchScreen.storyboard in Resources */,
				FD02A1CF216C75C0008AD683 /* Assets.xcassets in Resources */,
				FD02A1CD216C75BF008AD683 /* Main.storyboard in Resources */,
			);
			runOnlyForDeploymentPostprocessing = 0;
		};
/* End PBXResourcesBuildPhase section */

/* Begin PBXShellScriptBuildPhase section */
		67931ACB7164C5390B595370 /* [CP] Embed Pods Frameworks */ = {
			isa = PBXShellScriptBuildPhase;
			buildActionMask = 2147483647;
			files = (
			);
			inputPaths = (
				"${SRCROOT}/Pods/Target Support Files/Pods-Wreath/Pods-Wreath-frameworks.sh",
				"${BUILT_PRODUCTS_DIR}/Alamofire/Alamofire.framework",
				"${BUILT_PRODUCTS_DIR}/BFKit-Swift/BFKit.framework",
				"${BUILT_PRODUCTS_DIR}/HandyJSON/HandyJSON.framework",
				"${BUILT_PRODUCTS_DIR}/Kingfisher/Kingfisher.framework",
				"${BUILT_PRODUCTS_DIR}/Moya/Moya.framework",
				"${BUILT_PRODUCTS_DIR}/Result/Result.framework",
				"${BUILT_PRODUCTS_DIR}/SnapKit/SnapKit.framework",
			);
			name = "[CP] Embed Pods Frameworks";
			outputPaths = (
				"${TARGET_BUILD_DIR}/${FRAMEWORKS_FOLDER_PATH}/Alamofire.framework",
				"${TARGET_BUILD_DIR}/${FRAMEWORKS_FOLDER_PATH}/BFKit.framework",
				"${TARGET_BUILD_DIR}/${FRAMEWORKS_FOLDER_PATH}/HandyJSON.framework",
				"${TARGET_BUILD_DIR}/${FRAMEWORKS_FOLDER_PATH}/Kingfisher.framework",
				"${TARGET_BUILD_DIR}/${FRAMEWORKS_FOLDER_PATH}/Moya.framework",
				"${TARGET_BUILD_DIR}/${FRAMEWORKS_FOLDER_PATH}/Result.framework",
				"${TARGET_BUILD_DIR}/${FRAMEWORKS_FOLDER_PATH}/SnapKit.framework",
			);
			runOnlyForDeploymentPostprocessing = 0;
			shellPath = /bin/sh;
			shellScript = "\"${SRCROOT}/Pods/Target Support Files/Pods-Wreath/Pods-Wreath-frameworks.sh\"\n";
			showEnvVarsInLog = 0;
		};
		A61C381E0DA0E09E4E9C7F21 /* [CP] Check Pods Manifest.lock */ = {
			isa = PBXShellScriptBuildPhase;
			buildActionMask = 2147483647;
			files = (
			);
			inputPaths = (
				"${PODS_PODFILE_DIR_PATH}/Podfile.lock",
				"${PODS_ROOT}/Manifest.lock",
			);
			name = "[CP] Check Pods Manifest.lock";
			outputPaths = (
				"$(DERIVED_FILE_DIR)/Pods-Wreath-checkManifestLockResult.txt",
			);
			runOnlyForDeploymentPostprocessing = 0;
			shellPath = /bin/sh;
			shellScript = "diff \"${PODS_PODFILE_DIR_PATH}/Podfile.lock\" \"${PODS_ROOT}/Manifest.lock\" > /dev/null\nif [ $? != 0 ] ; then\n    # print error to STDERR\n    echo \"error: The sandbox is not in sync with the Podfile.lock. Run 'pod install' or update your CocoaPods installation.\" >&2\n    exit 1\nfi\n# This output is used by Xcode 'outputs' to avoid re-running this script phase.\necho \"SUCCESS\" > \"${SCRIPT_OUTPUT_FILE_0}\"\n";
			showEnvVarsInLog = 0;
		};
/* End PBXShellScriptBuildPhase section */

/* Begin PBXSourcesBuildPhase section */
		FD02A1C0216C75BF008AD683 /* Sources */ = {
			isa = PBXSourcesBuildPhase;
			buildActionMask = 2147483647;
			files = (
				FD02A1E1216C82A3008AD683 /* HomeVC.swift in Sources */,
				FD02A1E5216C82C8008AD683 /* MineVC.swift in Sources */,
				FD02A1EB216C8767008AD683 /* AppTabBarController.swift in Sources */,
				FD02A1ED216C882C008AD683 /* APPNavController.swift in Sources */,
				FD02A1F3216C8AC1008AD683 /* BaseVC.swift in Sources */,
				FD02A1F8216C9AA1008AD683 /* SwiftFile.swift in Sources */,
				FD02A1FD216CA4F5008AD683 /* BaseRequest.swift in Sources */,
				FD02A1E9216C8552008AD683 /* LoginVC.swift in Sources */,
				FD02A1E3216C82B7008AD683 /* OrderVC.swift in Sources */,
				FD02A1CA216C75BF008AD683 /* ViewController.swift in Sources */,
				FD02A201216CAB02008AD683 /* MineRequest.swift in Sources */,
				FD02A1C8216C75BF008AD683 /* AppDelegate.swift in Sources */,
			);
			runOnlyForDeploymentPostprocessing = 0;
		};
/* End PBXSourcesBuildPhase section */

/* Begin PBXVariantGroup section */
		FD02A1CB216C75BF008AD683 /* Main.storyboard */ = {
			isa = PBXVariantGroup;
			children = (
				FD02A1CC216C75BF008AD683 /* Base */,
			);
			name = Main.storyboard;
			sourceTree = "<group>";
		};
		FD02A1D0216C75C0008AD683 /* LaunchScreen.storyboard */ = {
			isa = PBXVariantGroup;
			children = (
				FD02A1D1216C75C0008AD683 /* Base */,
			);
			name = LaunchScreen.storyboard;
			sourceTree = "<group>";
		};
/* End PBXVariantGroup section */

/* Begin XCBuildConfiguration section */
		FD02A1D4216C75C0008AD683 /* Debug */ = {
			isa = XCBuildConfiguration;
			buildSettings = {
				ALWAYS_SEARCH_USER_PATHS = NO;
				CLANG_ANALYZER_NONNULL = YES;
				CLANG_ANALYZER_NUMBER_OBJECT_CONVERSION = YES_AGGRESSIVE;
				CLANG_CXX_LANGUAGE_STANDARD = "gnu++14";
				CLANG_CXX_LIBRARY = "libc++";
				CLANG_ENABLE_MODULES = YES;
				CLANG_ENABLE_OBJC_ARC = YES;
				CLANG_ENABLE_OBJC_WEAK = YES;
				CLANG_WARN_BLOCK_CAPTURE_AUTORELEASING = YES;
				CLANG_WARN_BOOL_CONVERSION = YES;
				CLANG_WARN_COMMA = YES;
				CLANG_WARN_CONSTANT_CONVERSION = YES;
				CLANG_WARN_DEPRECATED_OBJC_IMPLEMENTATIONS = YES;
				CLANG_WARN_DIRECT_OBJC_ISA_USAGE = YES_ERROR;
				CLANG_WARN_DOCUMENTATION_COMMENTS = YES;
				CLANG_WARN_EMPTY_BODY = YES;
				CLANG_WARN_ENUM_CONVERSION = YES;
				CLANG_WARN_INFINITE_RECURSION = YES;
				CLANG_WARN_INT_CONVERSION = YES;
				CLANG_WARN_NON_LITERAL_NULL_CONVERSION = YES;
				CLANG_WARN_OBJC_IMPLICIT_RETAIN_SELF = YES;
				CLANG_WARN_OBJC_LITERAL_CONVERSION = YES;
				CLANG_WARN_OBJC_ROOT_CLASS = YES_ERROR;
				CLANG_WARN_RANGE_LOOP_ANALYSIS = YES;
				CLANG_WARN_STRICT_PROTOTYPES = YES;
				CLANG_WARN_SUSPICIOUS_MOVE = YES;
				CLANG_WARN_UNGUARDED_AVAILABILITY = YES_AGGRESSIVE;
				CLANG_WARN_UNREACHABLE_CODE = YES;
				CLANG_WARN__DUPLICATE_METHOD_MATCH = YES;
				CODE_SIGN_IDENTITY = "iPhone Developer";
				COPY_PHASE_STRIP = NO;
				DEBUG_INFORMATION_FORMAT = dwarf;
				ENABLE_STRICT_OBJC_MSGSEND = YES;
				ENABLE_TESTABILITY = YES;
				GCC_C_LANGUAGE_STANDARD = gnu11;
				GCC_DYNAMIC_NO_PIC = NO;
				GCC_NO_COMMON_BLOCKS = YES;
				GCC_OPTIMIZATION_LEVEL = 0;
				GCC_PREPROCESSOR_DEFINITIONS = (
					"DEBUG=1",
					"$(inherited)",
				);
				GCC_WARN_64_TO_32_BIT_CONVERSION = YES;
				GCC_WARN_ABOUT_RETURN_TYPE = YES_ERROR;
				GCC_WARN_UNDECLARED_SELECTOR = YES;
				GCC_WARN_UNINITIALIZED_AUTOS = YES_AGGRESSIVE;
				GCC_WARN_UNUSED_FUNCTION = YES;
				GCC_WARN_UNUSED_VARIABLE = YES;
				IPHONEOS_DEPLOYMENT_TARGET = 12.0;
				MTL_ENABLE_DEBUG_INFO = INCLUDE_SOURCE;
				MTL_FAST_MATH = YES;
				ONLY_ACTIVE_ARCH = YES;
				SDKROOT = iphoneos;
				SWIFT_ACTIVE_COMPILATION_CONDITIONS = DEBUG;
				SWIFT_OPTIMIZATION_LEVEL = "-Onone";
			};
			name = Debug;
		};
		FD02A1D5216C75C0008AD683 /* Release */ = {
			isa = XCBuildConfiguration;
			buildSettings = {
				ALWAYS_SEARCH_USER_PATHS = NO;
				CLANG_ANALYZER_NONNULL = YES;
				CLANG_ANALYZER_NUMBER_OBJECT_CONVERSION = YES_AGGRESSIVE;
				CLANG_CXX_LANGUAGE_STANDARD = "gnu++14";
				CLANG_CXX_LIBRARY = "libc++";
				CLANG_ENABLE_MODULES = YES;
				CLANG_ENABLE_OBJC_ARC = YES;
				CLANG_ENABLE_OBJC_WEAK = YES;
				CLANG_WARN_BLOCK_CAPTURE_AUTORELEASING = YES;
				CLANG_WARN_BOOL_CONVERSION = YES;
				CLANG_WARN_COMMA = YES;
				CLANG_WARN_CONSTANT_CONVERSION = YES;
				CLANG_WARN_DEPRECATED_OBJC_IMPLEMENTATIONS = YES;
				CLANG_WARN_DIRECT_OBJC_ISA_USAGE = YES_ERROR;
				CLANG_WARN_DOCUMENTATION_COMMENTS = YES;
				CLANG_WARN_EMPTY_BODY = YES;
				CLANG_WARN_ENUM_CONVERSION = YES;
				CLANG_WARN_INFINITE_RECURSION = YES;
				CLANG_WARN_INT_CONVERSION = YES;
				CLANG_WARN_NON_LITERAL_NULL_CONVERSION = YES;
				CLANG_WARN_OBJC_IMPLICIT_RETAIN_SELF = YES;
				CLANG_WARN_OBJC_LITERAL_CONVERSION = YES;
				CLANG_WARN_OBJC_ROOT_CLASS = YES_ERROR;
				CLANG_WARN_RANGE_LOOP_ANALYSIS = YES;
				CLANG_WARN_STRICT_PROTOTYPES = YES;
				CLANG_WARN_SUSPICIOUS_MOVE = YES;
				CLANG_WARN_UNGUARDED_AVAILABILITY = YES_AGGRESSIVE;
				CLANG_WARN_UNREACHABLE_CODE = YES;
				CLANG_WARN__DUPLICATE_METHOD_MATCH = YES;
				CODE_SIGN_IDENTITY = "iPhone Developer";
				COPY_PHASE_STRIP = NO;
				DEBUG_INFORMATION_FORMAT = "dwarf-with-dsym";
				ENABLE_NS_ASSERTIONS = NO;
				ENABLE_STRICT_OBJC_MSGSEND = YES;
				GCC_C_LANGUAGE_STANDARD = gnu11;
				GCC_NO_COMMON_BLOCKS = YES;
				GCC_WARN_64_TO_32_BIT_CONVERSION = YES;
				GCC_WARN_ABOUT_RETURN_TYPE = YES_ERROR;
				GCC_WARN_UNDECLARED_SELECTOR = YES;
				GCC_WARN_UNINITIALIZED_AUTOS = YES_AGGRESSIVE;
				GCC_WARN_UNUSED_FUNCTION = YES;
				GCC_WARN_UNUSED_VARIABLE = YES;
				IPHONEOS_DEPLOYMENT_TARGET = 12.0;
				MTL_ENABLE_DEBUG_INFO = NO;
				MTL_FAST_MATH = YES;
				SDKROOT = iphoneos;
				SWIFT_COMPILATION_MODE = wholemodule;
				SWIFT_OPTIMIZATION_LEVEL = "-O";
				VALIDATE_PRODUCT = YES;
			};
			name = Release;
		};
		FD02A1D7216C75C0008AD683 /* Debug */ = {
			isa = XCBuildConfiguration;
			baseConfigurationReference = ACC360DD318F4F9C0D98E353 /* Pods-Wreath.debug.xcconfig */;
			buildSettings = {
				ASSETCATALOG_COMPILER_APPICON_NAME = AppIcon;
				CODE_SIGN_STYLE = Automatic;
				GCC_PRECOMPILE_PREFIX_HEADER = NO;
				GCC_PREFIX_HEADER = "";
				INFOPLIST_FILE = Wreath/Info.plist;
				IPHONEOS_DEPLOYMENT_TARGET = 9.0;
				LD_RUNPATH_SEARCH_PATHS = (
					"$(inherited)",
					"@executable_path/Frameworks",
				);
				PRODUCT_BUNDLE_IDENTIFIER = Y.Wreath;
				PRODUCT_NAME = "$(TARGET_NAME)";
				SWIFT_VERSION = 4.2;
				TARGETED_DEVICE_FAMILY = "1,2";
			};
			name = Debug;
		};
		FD02A1D8216C75C0008AD683 /* Release */ = {
			isa = XCBuildConfiguration;
			baseConfigurationReference = 0063DAFE38276EE0459BFC93 /* Pods-Wreath.release.xcconfig */;
			buildSettings = {
				ASSETCATALOG_COMPILER_APPICON_NAME = AppIcon;
				CODE_SIGN_STYLE = Automatic;
				GCC_PRECOMPILE_PREFIX_HEADER = NO;
				GCC_PREFIX_HEADER = "";
				INFOPLIST_FILE = Wreath/Info.plist;
				IPHONEOS_DEPLOYMENT_TARGET = 9.0;
				LD_RUNPATH_SEARCH_PATHS = (
					"$(inherited)",
					"@executable_path/Frameworks",
				);
				PRODUCT_BUNDLE_IDENTIFIER = Y.Wreath;
				PRODUCT_NAME = "$(TARGET_NAME)";
				SWIFT_VERSION = 4.2;
				TARGETED_DEVICE_FAMILY = "1,2";
			};
			name = Release;
		};
/* End XCBuildConfiguration section */

/* Begin XCConfigurationList section */
		FD02A1BF216C75BF008AD683 /* Build configuration list for PBXProject "Wreath" */ = {
			isa = XCConfigurationList;
			buildConfigurations = (
				FD02A1D4216C75C0008AD683 /* Debug */,
				FD02A1D5216C75C0008AD683 /* Release */,
			);
			defaultConfigurationIsVisible = 0;
			defaultConfigurationName = Release;
		};
		FD02A1D6216C75C0008AD683 /* Build configuration list for PBXNativeTarget "Wreath" */ = {
			isa = XCConfigurationList;
			buildConfigurations = (
				FD02A1D7216C75C0008AD683 /* Debug */,
				FD02A1D8216C75C0008AD683 /* Release */,
			);
			defaultConfigurationIsVisible = 0;
			defaultConfigurationName = Release;
		};
/* End XCConfigurationList section */
	};
	rootObject = FD02A1BC216C75BF008AD683 /* Project object */;
}
